{
  "version": 4,
  "terraform_version": "1.0.5",
  "serial": 64,
  "lineage": "ede03c00-7925-521d-8a8f-be63e34ab395",
  "outputs": {
    "acl": {
      "value": "private",
      "type": "string"
    },
    "bucket_name": {
      "value": "node-port-scanner-default-leerhk",
      "type": "string"
    },
    "tags": {
      "value": {
        "Environment": "dev",
        "Managed": "terraform",
        "Name": "node-port-scanner-default-leerhk",
        "Owner": "sre"
      },
      "type": [
        "map",
        "string"
      ]
    }
  },
  "resources": [
    {
      "mode": "managed",
      "type": "aws_s3_bucket",
      "name": "bucket",
      "provider": "provider[\"registry.terraform.io/hashicorp/aws\"]",
      "instances": [
        {
          "schema_version": 0,
          "attributes": {
            "acceleration_status": "",
            "acl": "private",
            "arn": "arn:aws:s3:::node-port-scanner-default-leerhk",
            "bucket": "node-port-scanner-default-leerhk",
            "bucket_domain_name": "node-port-scanner-default-leerhk.s3.amazonaws.com",
            "bucket_prefix": null,
            "bucket_regional_domain_name": "node-port-scanner-default-leerhk.s3.amazonaws.com",
            "cors_rule": [],
            "force_destroy": false,
            "grant": [],
            "hosted_zone_id": "Z3AQBSTGFYJSTF",
            "id": "node-port-scanner-default-leerhk",
            "lifecycle_rule": [],
            "logging": [],
            "object_lock_configuration": [],
            "policy": null,
            "region": "us-east-1",
            "replication_configuration": [],
            "request_payer": "",
            "server_side_encryption_configuration": [],
            "tags": {
              "Environment": "dev",
              "Managed": "terraform",
              "Name": "node-port-scanner-default-leerhk",
              "Owner": "sre"
            },
            "tags_all": {
              "Environment": "dev",
              "Managed": "terraform",
              "Name": "node-port-scanner-default-leerhk",
              "Owner": "sre"
            },
            "versioning": [
              {
                "enabled": true,
                "mfa_delete": false
              }
            ],
            "website": [],
            "website_domain": null,
            "website_endpoint": null
          },
          "sensitive_attributes": [],
          "private": "bnVsbA=="
        }
      ]
    }
  ]
}
